
Microsoft Visual Studio Solution File, Format Version 12.00
# Visual Studio 14
VisualStudioVersion = 14.0.25420.1
MinimumVisualStudioVersion = 10.0.40219.1
Project("{FAE04EC0-301F-11D3-BF4B-00C04F79EFBC}") = "WebApp", "WebApp\WebApp.csproj", "{A0D39237-D450-4F23-A3CC-79EBCA1D720D}"
EndProject
Global
	GlobalSection(SolutionConfigurationPlatforms) = preSolution
		Debug|Any CPU = Debug|Any CPU
		Desenvolvimento|Any CPU = Desenvolvimento|Any CPU
		Homologacao|Any CPU = Homologacao|Any CPU
		Producao|Any CPU = Producao|Any CPU
		Release|Any CPU = Release|Any CPU
	EndGlobalSection
	GlobalSection(ProjectConfigurationPlatforms) = postSolution
		{A0D39237-D450-4F23-A3CC-79EBCA1D720D}.Debug|Any CPU.ActiveCfg = Debug|Any CPU
		{A0D39237-D450-4F23-A3CC-79EBCA1D720D}.Debug|Any CPU.Build.0 = Debug|Any CPU
		{A0D39237-D450-4F23-A3CC-79EBCA1D720D}.Debug|Any CPU.Deploy.0 = Debug|Any CPU
		{A0D39237-D450-4F23-A3CC-79EBCA1D720D}.Desenvolvimento|Any CPU.ActiveCfg = Desenvolvimento|Any CPU
		{A0D39237-D450-4F23-A3CC-79EBCA1D720D}.Desenvolvimento|Any CPU.Build.0 = Desenvolvimento|Any CPU
		{A0D39237-D450-4F23-A3CC-79EBCA1D720D}.Homologacao|Any CPU.ActiveCfg = Homologacao|Any CPU
		{A0D39237-D450-4F23-A3CC-79EBCA1D720D}.Homologacao|Any CPU.Build.0 = Homologacao|Any CPU
		{A0D39237-D450-4F23-A3CC-79EBCA1D720D}.Producao|Any CPU.ActiveCfg = Producao|Any CPU
		{A0D39237-D450-4F23-A3CC-79EBCA1D720D}.Producao|Any CPU.Build.0 = Producao|Any CPU
		{A0D39237-D450-4F23-A3CC-79EBCA1D720D}.Release|Any CPU.ActiveCfg = Release|Any CPU
		{A0D39237-D450-4F23-A3CC-79EBCA1D720D}.Release|Any CPU.Build.0 = Release|Any CPU
	EndGlobalSection
	GlobalSection(SolutionProperties) = preSolution
		HideSolutionNode = FALSE
	EndGlobalSection
EndGlobal
